
Microsoft Visual Studio Solution File, Format Version 12.00
Project("{FAE04EC0-301F-11D3-BF4B-00C04F79EFBC}") = "JupyterSharp", "src\JupyterSharp\JupyterSharp.csproj", "{C54C2734-5719-4713-B181-FBF784748E19}"
EndProject
Project("{2150E333-8FDC-42A3-9474-1A3956D46DE8}") = "src", "src", "{CE8FC350-586E-4477-8053-CCC3A9D3090D}"
EndProject
Project("{2150E333-8FDC-42A3-9474-1A3956D46DE8}") = "test", "test", "{2C5939A2-9B85-46EA-B3C9-B0A4C162540C}"
EndProject
Project("{FAE04EC0-301F-11D3-BF4B-00C04F79EFBC}") = "JupyterSharp.Unit.Test", "test\JupyterSharp.Unit.Test\JupyterSharp.Unit.Test.csproj", "{D6B83F81-56CD-4350-8072-6FA74C919F31}"
EndProject
Project("{2150E333-8FDC-42A3-9474-1A3956D46DE8}") = "Solution Items", "Solution Items", "{5AC1A3C9-E4BB-428D-A65B-158539E229FE}"
	ProjectSection(SolutionItems) = preProject
		Directory.Build.props = Directory.Build.props
		NuGet.config = NuGet.config
	EndProjectSection
EndProject
Global
	GlobalSection(SolutionConfigurationPlatforms) = preSolution
		Debug|Any CPU = Debug|Any CPU
		Release|Any CPU = Release|Any CPU
	EndGlobalSection
	GlobalSection(ProjectConfigurationPlatforms) = postSolution
		{C54C2734-5719-4713-B181-FBF784748E19}.Debug|Any CPU.ActiveCfg = Debug|Any CPU
		{C54C2734-5719-4713-B181-FBF784748E19}.Debug|Any CPU.Build.0 = Debug|Any CPU
		{C54C2734-5719-4713-B181-FBF784748E19}.Release|Any CPU.ActiveCfg = Release|Any CPU
		{C54C2734-5719-4713-B181-FBF784748E19}.Release|Any CPU.Build.0 = Release|Any CPU
		{D6B83F81-56CD-4350-8072-6FA74C919F31}.Debug|Any CPU.ActiveCfg = Debug|Any CPU
		{D6B83F81-56CD-4350-8072-6FA74C919F31}.Debug|Any CPU.Build.0 = Debug|Any CPU
		{D6B83F81-56CD-4350-8072-6FA74C919F31}.Release|Any CPU.ActiveCfg = Release|Any CPU
		{D6B83F81-56CD-4350-8072-6FA74C919F31}.Release|Any CPU.Build.0 = Release|Any CPU
	EndGlobalSection
	GlobalSection(NestedProjects) = preSolution
		{C54C2734-5719-4713-B181-FBF784748E19} = {CE8FC350-586E-4477-8053-CCC3A9D3090D}
		{D6B83F81-56CD-4350-8072-6FA74C919F31} = {2C5939A2-9B85-46EA-B3C9-B0A4C162540C}
	EndGlobalSection
EndGlobal
